
Microsoft Visual Studio Solution File, Format Version 12.00
# Visual Studio 15
VisualStudioVersion = 15.0.27703.2026
MinimumVisualStudioVersion = 10.0.40219.1
Project("{8BC9CEB8-8B4A-11D0-8D11-00A0C91BC942}") = "OpenFab", "OpenFab\OpenFab.vcxproj", "{5F6EB7A2-4848-46AA-9FDD-7BB4C29806BA}"
EndProject
Project("{8BC9CEB8-8B4A-11D0-8D11-00A0C91BC942}") = "AutodiffEngine", "AutodiffEngine\AutodiffEngine.vcxproj", "{125650AA-CADC-4795-816E-F17886633EFE}"
EndProject
Project("{8BC9CEB8-8B4A-11D0-8D11-00A0C91BC942}") = "Geometry", "Geometry\Geometry.vcxproj", "{B8F17B47-3A4B-4A6F-B01E-C94D1AB2ECE0}"
EndProject
Project("{8BC9CEB8-8B4A-11D0-8D11-00A0C91BC942}") = "Dynamics", "Simulation\Simulation.vcxproj", "{CFD88F4D-26E8-4F08-91D1-B1AFEA1F91C8}"
EndProject
Project("{8BC9CEB8-8B4A-11D0-8D11-00A0C91BC942}") = "Kinematics", "Kinematics\Kinematics.vcxproj", "{C371188E-6C89-451C-A1C3-64087C8B9471}"
EndProject
Project("{8BC9CEB8-8B4A-11D0-8D11-00A0C91BC942}") = "ContinuumMechanics", "Deformable\Deformable.vcxproj", "{0BC7E6FC-C17F-4415-8CE1-0B3AABA55CF6}"
EndProject
Project("{8BC9CEB8-8B4A-11D0-8D11-00A0C91BC942}") = "RigidBodyMechanics", "RigidBodyMechanics\RigidBodyMechanics.vcxproj", "{E1E520A0-809D-41CC-A6B3-001D23DE1AC7}"
EndProject
Project("{8BC9CEB8-8B4A-11D0-8D11-00A0C91BC942}") = "MultiphysicsCoupling", "MultiphysicsCoupling\MultiphysicsCoupling.vcxproj", "{F573CB16-749B-495E-989C-282CEE6FC4B9}"
EndProject
Project("{8BC9CEB8-8B4A-11D0-8D11-00A0C91BC942}") = "Materials", "Materials\Materials.vcxproj", "{071BEF39-37CE-4211-BCDC-AC1D0622C382}"
EndProject
Project("{FAE04EC0-301F-11D3-BF4B-00C04F79EFBC}") = "Visualization", "Visualization\Visualization.csproj", "{E6A5BCF3-20D0-4553-AABF-8A6433103EDA}"
EndProject
Project("{8BC9CEB8-8B4A-11D0-8D11-00A0C91BC942}") = "MotionPrimitives", "MotionPrimitives\MotionPrimitives.vcxproj", "{883CD463-5961-40B1-B970-DC4D4ACF125E}"
EndProject
Project("{8BC9CEB8-8B4A-11D0-8D11-00A0C91BC942}") = "NetworkCommunication", "NetworkCommunication\NetworkCommunication.vcxproj", "{EC425B96-3F98-4B8E-A23E-8B9CCB30F9E7}"
EndProject
Project("{8BC9CEB8-8B4A-11D0-8D11-00A0C91BC942}") = "MotionPlanning", "MotionPlanning\MotionPlanning.vcxproj", "{6FF28B45-DD0F-4CDF-AAED-CA37E2C3026F}"
EndProject
Project("{8BC9CEB8-8B4A-11D0-8D11-00A0C91BC942}") = "Optimization", "Optimization\Optimization.vcxproj", "{8DFE6999-62A6-4B89-AF0B-3BF36344B362}"
EndProject
Project("{888888A0-9F3D-457C-B088-3A5042F75D52}") = "MachineLearning", "MachineLearning\MachineLearning.pyproj", "{64D1D1F3-E4F4-4D95-8481-E9E7E96E2010}"
EndProject
Project("{8BC9CEB8-8B4A-11D0-8D11-00A0C91BC942}") = "Control", "Control\Control.vcxproj", "{3E1449A0-E92C-4D9A-8CC2-B49017532798}"
EndProject
Project("{8BC9CEB8-8B4A-11D0-8D11-00A0C91BC942}") = "Actuation", "Actuation\Actuation.vcxproj", "{E9F26F46-7FBB-48E8-92C1-DD533C5EE11F}"
EndProject
Project("{8BC9CEB8-8B4A-11D0-8D11-00A0C91BC942}") = "DesignOptimization", "DesignOptimization\DesignOptimization.vcxproj", "{73B16346-2567-47AB-8E5D-445A1AF304CE}"
EndProject
Project("{8BC9CEB8-8B4A-11D0-8D11-00A0C91BC942}") = "Sampling", "Sampling\Sampling.vcxproj", "{66E027F4-66CE-4F1A-9E45-C2850AF1C97E}"
EndProject
Project("{8BC9CEB8-8B4A-11D0-8D11-00A0C91BC942}") = "HardwareInterface", "HardwareInterface\HardwareInterface.vcxproj", "{9DCAA573-362E-4C57-A20D-E40BFE76EB39}"
EndProject
Project("{8BC9CEB8-8B4A-11D0-8D11-00A0C91BC942}") = "FabTranslation", "FabTranslation\FabTranslation.vcxproj", "{6C30DD81-0757-4EE0-ADA5-A9E282B2FC30}"
EndProject
Project("{2150E333-8FDC-42A3-9474-1A3956D46DE8}") = "External", "External", "{9EAD587F-4F80-41F6-A737-52B6F7416010}"
EndProject
Global
	GlobalSection(SolutionConfigurationPlatforms) = preSolution
		Debug|Any CPU = Debug|Any CPU
		Debug|x64 = Debug|x64
		Debug|x86 = Debug|x86
		Release|Any CPU = Release|Any CPU
		Release|x64 = Release|x64
		Release|x86 = Release|x86
	EndGlobalSection
	GlobalSection(ProjectConfigurationPlatforms) = postSolution
		{5F6EB7A2-4848-46AA-9FDD-7BB4C29806BA}.Debug|Any CPU.ActiveCfg = Debug|Win32
		{5F6EB7A2-4848-46AA-9FDD-7BB4C29806BA}.Debug|x64.ActiveCfg = Debug|x64
		{5F6EB7A2-4848-46AA-9FDD-7BB4C29806BA}.Debug|x64.Build.0 = Debug|x64
		{5F6EB7A2-4848-46AA-9FDD-7BB4C29806BA}.Debug|x86.ActiveCfg = Debug|Win32
		{5F6EB7A2-4848-46AA-9FDD-7BB4C29806BA}.Debug|x86.Build.0 = Debug|Win32
		{5F6EB7A2-4848-46AA-9FDD-7BB4C29806BA}.Release|Any CPU.ActiveCfg = Release|Win32
		{5F6EB7A2-4848-46AA-9FDD-7BB4C29806BA}.Release|x64.ActiveCfg = Release|x64
		{5F6EB7A2-4848-46AA-9FDD-7BB4C29806BA}.Release|x64.Build.0 = Release|x64
		{5F6EB7A2-4848-46AA-9FDD-7BB4C29806BA}.Release|x86.ActiveCfg = Release|Win32
		{5F6EB7A2-4848-46AA-9FDD-7BB4C29806BA}.Release|x86.Build.0 = Release|Win32
		{125650AA-CADC-4795-816E-F17886633EFE}.Debug|Any CPU.ActiveCfg = Debug|Win32
		{125650AA-CADC-4795-816E-F17886633EFE}.Debug|x64.ActiveCfg = Debug|x64
		{125650AA-CADC-4795-816E-F17886633EFE}.Debug|x64.Build.0 = Debug|x64
		{125650AA-CADC-4795-816E-F17886633EFE}.Debug|x86.ActiveCfg = Debug|Win32
		{125650AA-CADC-4795-816E-F17886633EFE}.Debug|x86.Build.0 = Debug|Win32
		{125650AA-CADC-4795-816E-F17886633EFE}.Release|Any CPU.ActiveCfg = Release|Win32
		{125650AA-CADC-4795-816E-F17886633EFE}.Release|x64.ActiveCfg = Release|x64
		{125650AA-CADC-4795-816E-F17886633EFE}.Release|x64.Build.0 = Release|x64
		{125650AA-CADC-4795-816E-F17886633EFE}.Release|x86.ActiveCfg = Release|Win32
		{125650AA-CADC-4795-816E-F17886633EFE}.Release|x86.Build.0 = Release|Win32
		{B8F17B47-3A4B-4A6F-B01E-C94D1AB2ECE0}.Debug|Any CPU.ActiveCfg = Debug|Win32
		{B8F17B47-3A4B-4A6F-B01E-C94D1AB2ECE0}.Debug|x64.ActiveCfg = Debug|x64
		{B8F17B47-3A4B-4A6F-B01E-C94D1AB2ECE0}.Debug|x64.Build.0 = Debug|x64
		{B8F17B47-3A4B-4A6F-B01E-C94D1AB2ECE0}.Debug|x86.ActiveCfg = Debug|Win32
		{B8F17B47-3A4B-4A6F-B01E-C94D1AB2ECE0}.Debug|x86.Build.0 = Debug|Win32
		{B8F17B47-3A4B-4A6F-B01E-C94D1AB2ECE0}.Release|Any CPU.ActiveCfg = Release|Win32
		{B8F17B47-3A4B-4A6F-B01E-C94D1AB2ECE0}.Release|x64.ActiveCfg = Release|x64
		{B8F17B47-3A4B-4A6F-B01E-C94D1AB2ECE0}.Release|x64.Build.0 = Release|x64
		{B8F17B47-3A4B-4A6F-B01E-C94D1AB2ECE0}.Release|x86.ActiveCfg = Release|Win32
		{B8F17B47-3A4B-4A6F-B01E-C94D1AB2ECE0}.Release|x86.Build.0 = Release|Win32
		{CFD88F4D-26E8-4F08-91D1-B1AFEA1F91C8}.Debug|Any CPU.ActiveCfg = Debug|Win32
		{CFD88F4D-26E8-4F08-91D1-B1AFEA1F91C8}.Debug|x64.ActiveCfg = Debug|x64
		{CFD88F4D-26E8-4F08-91D1-B1AFEA1F91C8}.Debug|x64.Build.0 = Debug|x64
		{CFD88F4D-26E8-4F08-91D1-B1AFEA1F91C8}.Debug|x86.ActiveCfg = Debug|Win32
		{CFD88F4D-26E8-4F08-91D1-B1AFEA1F91C8}.Debug|x86.Build.0 = Debug|Win32
		{CFD88F4D-26E8-4F08-91D1-B1AFEA1F91C8}.Release|Any CPU.ActiveCfg = Release|Win32
		{CFD88F4D-26E8-4F08-91D1-B1AFEA1F91C8}.Release|x64.ActiveCfg = Release|x64
		{CFD88F4D-26E8-4F08-91D1-B1AFEA1F91C8}.Release|x64.Build.0 = Release|x64
		{CFD88F4D-26E8-4F08-91D1-B1AFEA1F91C8}.Release|x86.ActiveCfg = Release|Win32
		{CFD88F4D-26E8-4F08-91D1-B1AFEA1F91C8}.Release|x86.Build.0 = Release|Win32
		{C371188E-6C89-451C-A1C3-64087C8B9471}.Debug|Any CPU.ActiveCfg = Debug|Win32
		{C371188E-6C89-451C-A1C3-64087C8B9471}.Debug|x64.ActiveCfg = Debug|x64
		{C371188E-6C89-451C-A1C3-64087C8B9471}.Debug|x64.Build.0 = Debug|x64
		{C371188E-6C89-451C-A1C3-64087C8B9471}.Debug|x86.ActiveCfg = Debug|Win32
		{C371188E-6C89-451C-A1C3-64087C8B9471}.Debug|x86.Build.0 = Debug|Win32
		{C371188E-6C89-451C-A1C3-64087C8B9471}.Release|Any CPU.ActiveCfg = Release|Win32
		{C371188E-6C89-451C-A1C3-64087C8B9471}.Release|x64.ActiveCfg = Release|x64
		{C371188E-6C89-451C-A1C3-64087C8B9471}.Release|x64.Build.0 = Release|x64
		{C371188E-6C89-451C-A1C3-64087C8B9471}.Release|x86.ActiveCfg = Release|Win32
		{C371188E-6C89-451C-A1C3-64087C8B9471}.Release|x86.Build.0 = Release|Win32
		{0BC7E6FC-C17F-4415-8CE1-0B3AABA55CF6}.Debug|Any CPU.ActiveCfg = Debug|Win32
		{0BC7E6FC-C17F-4415-8CE1-0B3AABA55CF6}.Debug|x64.ActiveCfg = Debug|x64
		{0BC7E6FC-C17F-4415-8CE1-0B3AABA55CF6}.Debug|x64.Build.0 = Debug|x64
		{0BC7E6FC-C17F-4415-8CE1-0B3AABA55CF6}.Debug|x86.ActiveCfg = Debug|Win32
		{0BC7E6FC-C17F-4415-8CE1-0B3AABA55CF6}.Debug|x86.Build.0 = Debug|Win32
		{0BC7E6FC-C17F-4415-8CE1-0B3AABA55CF6}.Release|Any CPU.ActiveCfg = Release|Win32
		{0BC7E6FC-C17F-4415-8CE1-0B3AABA55CF6}.Release|x64.ActiveCfg = Release|x64
		{0BC7E6FC-C17F-4415-8CE1-0B3AABA55CF6}.Release|x64.Build.0 = Release|x64
		{0BC7E6FC-C17F-4415-8CE1-0B3AABA55CF6}.Release|x86.ActiveCfg = Release|Win32
		{0BC7E6FC-C17F-4415-8CE1-0B3AABA55CF6}.Release|x86.Build.0 = Release|Win32
		{E1E520A0-809D-41CC-A6B3-001D23DE1AC7}.Debug|Any CPU.ActiveCfg = Debug|Win32
		{E1E520A0-809D-41CC-A6B3-001D23DE1AC7}.Debug|x64.ActiveCfg = Debug|x64
		{E1E520A0-809D-41CC-A6B3-001D23DE1AC7}.Debug|x64.Build.0 = Debug|x64
		{E1E520A0-809D-41CC-A6B3-001D23DE1AC7}.Debug|x86.ActiveCfg = Debug|Win32
		{E1E520A0-809D-41CC-A6B3-001D23DE1AC7}.Debug|x86.Build.0 = Debug|Win32
		{E1E520A0-809D-41CC-A6B3-001D23DE1AC7}.Release|Any CPU.ActiveCfg = Release|Win32
		{E1E520A0-809D-41CC-A6B3-001D23DE1AC7}.Release|x64.ActiveCfg = Release|x64
		{E1E520A0-809D-41CC-A6B3-001D23DE1AC7}.Release|x64.Build.0 = Release|x64
		{E1E520A0-809D-41CC-A6B3-001D23DE1AC7}.Release|x86.ActiveCfg = Release|Win32
		{E1E520A0-809D-41CC-A6B3-001D23DE1AC7}.Release|x86.Build.0 = Release|Win32
		{F573CB16-749B-495E-989C-282CEE6FC4B9}.Debug|Any CPU.ActiveCfg = Debug|Win32
		{F573CB16-749B-495E-989C-282CEE6FC4B9}.Debug|x64.ActiveCfg = Debug|x64
		{F573CB16-749B-495E-989C-282CEE6FC4B9}.Debug|x64.Build.0 = Debug|x64
		{F573CB16-749B-495E-989C-282CEE6FC4B9}.Debug|x86.ActiveCfg = Debug|Win32
		{F573CB16-749B-495E-989C-282CEE6FC4B9}.Debug|x86.Build.0 = Debug|Win32
		{F573CB16-749B-495E-989C-282CEE6FC4B9}.Release|Any CPU.ActiveCfg = Release|Win32
		{F573CB16-749B-495E-989C-282CEE6FC4B9}.Release|x64.ActiveCfg = Release|x64
		{F573CB16-749B-495E-989C-282CEE6FC4B9}.Release|x64.Build.0 = Release|x64
		{F573CB16-749B-495E-989C-282CEE6FC4B9}.Release|x86.ActiveCfg = Release|Win32
		{F573CB16-749B-495E-989C-282CEE6FC4B9}.Release|x86.Build.0 = Release|Win32
		{071BEF39-37CE-4211-BCDC-AC1D0622C382}.Debug|Any CPU.ActiveCfg = Debug|Win32
		{071BEF39-37CE-4211-BCDC-AC1D0622C382}.Debug|x64.ActiveCfg = Debug|x64
		{071BEF39-37CE-4211-BCDC-AC1D0622C382}.Debug|x64.Build.0 = Debug|x64
		{071BEF39-37CE-4211-BCDC-AC1D0622C382}.Debug|x86.ActiveCfg = Debug|Win32
		{071BEF39-37CE-4211-BCDC-AC1D0622C382}.Debug|x86.Build.0 = Debug|Win32
		{071BEF39-37CE-4211-BCDC-AC1D0622C382}.Release|Any CPU.ActiveCfg = Release|Win32
		{071BEF39-37CE-4211-BCDC-AC1D0622C382}.Release|x64.ActiveCfg = Release|x64
		{071BEF39-37CE-4211-BCDC-AC1D0622C382}.Release|x64.Build.0 = Release|x64
		{071BEF39-37CE-4211-BCDC-AC1D0622C382}.Release|x86.ActiveCfg = Release|Win32
		{071BEF39-37CE-4211-BCDC-AC1D0622C382}.Release|x86.Build.0 = Release|Win32
		{E6A5BCF3-20D0-4553-AABF-8A6433103EDA}.Debug|Any CPU.ActiveCfg = Debug|Any CPU
		{E6A5BCF3-20D0-4553-AABF-8A6433103EDA}.Debug|Any CPU.Build.0 = Debug|Any CPU
		{E6A5BCF3-20D0-4553-AABF-8A6433103EDA}.Debug|x64.ActiveCfg = Debug|Any CPU
		{E6A5BCF3-20D0-4553-AABF-8A6433103EDA}.Debug|x64.Build.0 = Debug|Any CPU
		{E6A5BCF3-20D0-4553-AABF-8A6433103EDA}.Debug|x86.ActiveCfg = Debug|Any CPU
		{E6A5BCF3-20D0-4553-AABF-8A6433103EDA}.Debug|x86.Build.0 = Debug|Any CPU
		{E6A5BCF3-20D0-4553-AABF-8A6433103EDA}.Release|Any CPU.ActiveCfg = Release|Any CPU
		{E6A5BCF3-20D0-4553-AABF-8A6433103EDA}.Release|Any CPU.Build.0 = Release|Any CPU
		{E6A5BCF3-20D0-4553-AABF-8A6433103EDA}.Release|x64.ActiveCfg = Release|Any CPU
		{E6A5BCF3-20D0-4553-AABF-8A6433103EDA}.Release|x64.Build.0 = Release|Any CPU
		{E6A5BCF3-20D0-4553-AABF-8A6433103EDA}.Release|x86.ActiveCfg = Release|Any CPU
		{E6A5BCF3-20D0-4553-AABF-8A6433103EDA}.Release|x86.Build.0 = Release|Any CPU
		{883CD463-5961-40B1-B970-DC4D4ACF125E}.Debug|Any CPU.ActiveCfg = Debug|Win32
		{883CD463-5961-40B1-B970-DC4D4ACF125E}.Debug|x64.ActiveCfg = Debug|x64
		{883CD463-5961-40B1-B970-DC4D4ACF125E}.Debug|x64.Build.0 = Debug|x64
		{883CD463-5961-40B1-B970-DC4D4ACF125E}.Debug|x86.ActiveCfg = Debug|Win32
		{883CD463-5961-40B1-B970-DC4D4ACF125E}.Debug|x86.Build.0 = Debug|Win32
		{883CD463-5961-40B1-B970-DC4D4ACF125E}.Release|Any CPU.ActiveCfg = Release|Win32
		{883CD463-5961-40B1-B970-DC4D4ACF125E}.Release|x64.ActiveCfg = Release|x64
		{883CD463-5961-40B1-B970-DC4D4ACF125E}.Release|x64.Build.0 = Release|x64
		{883CD463-5961-40B1-B970-DC4D4ACF125E}.Release|x86.ActiveCfg = Release|Win32
		{883CD463-5961-40B1-B970-DC4D4ACF125E}.Release|x86.Build.0 = Release|Win32
		{EC425B96-3F98-4B8E-A23E-8B9CCB30F9E7}.Debug|Any CPU.ActiveCfg = Debug|Win32
		{EC425B96-3F98-4B8E-A23E-8B9CCB30F9E7}.Debug|x64.ActiveCfg = Debug|x64
		{EC425B96-3F98-4B8E-A23E-8B9CCB30F9E7}.Debug|x64.Build.0 = Debug|x64
		{EC425B96-3F98-4B8E-A23E-8B9CCB30F9E7}.Debug|x86.ActiveCfg = Debug|Win32
		{EC425B96-3F98-4B8E-A23E-8B9CCB30F9E7}.Debug|x86.Build.0 = Debug|Win32
		{EC425B96-3F98-4B8E-A23E-8B9CCB30F9E7}.Release|Any CPU.ActiveCfg = Release|Win32
		{EC425B96-3F98-4B8E-A23E-8B9CCB30F9E7}.Release|x64.ActiveCfg = Release|x64
		{EC425B96-3F98-4B8E-A23E-8B9CCB30F9E7}.Release|x64.Build.0 = Release|x64
		{EC425B96-3F98-4B8E-A23E-8B9CCB30F9E7}.Release|x86.ActiveCfg = Release|Win32
		{EC425B96-3F98-4B8E-A23E-8B9CCB30F9E7}.Release|x86.Build.0 = Release|Win32
		{6FF28B45-DD0F-4CDF-AAED-CA37E2C3026F}.Debug|Any CPU.ActiveCfg = Debug|Win32
		{6FF28B45-DD0F-4CDF-AAED-CA37E2C3026F}.Debug|x64.ActiveCfg = Debug|x64
		{6FF28B45-DD0F-4CDF-AAED-CA37E2C3026F}.Debug|x64.Build.0 = Debug|x64
		{6FF28B45-DD0F-4CDF-AAED-CA37E2C3026F}.Debug|x86.ActiveCfg = Debug|Win32
		{6FF28B45-DD0F-4CDF-AAED-CA37E2C3026F}.Debug|x86.Build.0 = Debug|Win32
		{6FF28B45-DD0F-4CDF-AAED-CA37E2C3026F}.Release|Any CPU.ActiveCfg = Release|Win32
		{6FF28B45-DD0F-4CDF-AAED-CA37E2C3026F}.Release|x64.ActiveCfg = Release|x64
		{6FF28B45-DD0F-4CDF-AAED-CA37E2C3026F}.Release|x64.Build.0 = Release|x64
		{6FF28B45-DD0F-4CDF-AAED-CA37E2C3026F}.Release|x86.ActiveCfg = Release|Win32
		{6FF28B45-DD0F-4CDF-AAED-CA37E2C3026F}.Release|x86.Build.0 = Release|Win32
		{8DFE6999-62A6-4B89-AF0B-3BF36344B362}.Debug|Any CPU.ActiveCfg = Debug|Win32
		{8DFE6999-62A6-4B89-AF0B-3BF36344B362}.Debug|x64.ActiveCfg = Debug|x64
		{8DFE6999-62A6-4B89-AF0B-3BF36344B362}.Debug|x64.Build.0 = Debug|x64
		{8DFE6999-62A6-4B89-AF0B-3BF36344B362}.Debug|x86.ActiveCfg = Debug|Win32
		{8DFE6999-62A6-4B89-AF0B-3BF36344B362}.Debug|x86.Build.0 = Debug|Win32
		{8DFE6999-62A6-4B89-AF0B-3BF36344B362}.Release|Any CPU.ActiveCfg = Release|Win32
		{8DFE6999-62A6-4B89-AF0B-3BF36344B362}.Release|x64.ActiveCfg = Release|x64
		{8DFE6999-62A6-4B89-AF0B-3BF36344B362}.Release|x64.Build.0 = Release|x64
		{8DFE6999-62A6-4B89-AF0B-3BF36344B362}.Release|x86.ActiveCfg = Release|Win32
		{8DFE6999-62A6-4B89-AF0B-3BF36344B362}.Release|x86.Build.0 = Release|Win32
		{64D1D1F3-E4F4-4D95-8481-E9E7E96E2010}.Debug|Any CPU.ActiveCfg = Debug|Any CPU
		{64D1D1F3-E4F4-4D95-8481-E9E7E96E2010}.Debug|x64.ActiveCfg = Debug|Any CPU
		{64D1D1F3-E4F4-4D95-8481-E9E7E96E2010}.Debug|x86.ActiveCfg = Debug|Any CPU
		{64D1D1F3-E4F4-4D95-8481-E9E7E96E2010}.Release|Any CPU.ActiveCfg = Release|Any CPU
		{64D1D1F3-E4F4-4D95-8481-E9E7E96E2010}.Release|x64.ActiveCfg = Release|Any CPU
		{64D1D1F3-E4F4-4D95-8481-E9E7E96E2010}.Release|x86.ActiveCfg = Release|Any CPU
		{3E1449A0-E92C-4D9A-8CC2-B49017532798}.Debug|Any CPU.ActiveCfg = Debug|Win32
		{3E1449A0-E92C-4D9A-8CC2-B49017532798}.Debug|x64.ActiveCfg = Debug|x64
		{3E1449A0-E92C-4D9A-8CC2-B49017532798}.Debug|x64.Build.0 = Debug|x64
		{3E1449A0-E92C-4D9A-8CC2-B49017532798}.Debug|x86.ActiveCfg = Debug|Win32
		{3E1449A0-E92C-4D9A-8CC2-B49017532798}.Debug|x86.Build.0 = Debug|Win32
		{3E1449A0-E92C-4D9A-8CC2-B49017532798}.Release|Any CPU.ActiveCfg = Release|Win32
		{3E1449A0-E92C-4D9A-8CC2-B49017532798}.Release|x64.ActiveCfg = Release|x64
		{3E1449A0-E92C-4D9A-8CC2-B49017532798}.Release|x64.Build.0 = Release|x64
		{3E1449A0-E92C-4D9A-8CC2-B49017532798}.Release|x86.ActiveCfg = Release|Win32
		{3E1449A0-E92C-4D9A-8CC2-B49017532798}.Release|x86.Build.0 = Release|Win32
		{E9F26F46-7FBB-48E8-92C1-DD533C5EE11F}.Debug|Any CPU.ActiveCfg = Debug|Win32
		{E9F26F46-7FBB-48E8-92C1-DD533C5EE11F}.Debug|x64.ActiveCfg = Debug|x64
		{E9F26F46-7FBB-48E8-92C1-DD533C5EE11F}.Debug|x64.Build.0 = Debug|x64
		{E9F26F46-7FBB-48E8-92C1-DD533C5EE11F}.Debug|x86.ActiveCfg = Debug|Win32
		{E9F26F46-7FBB-48E8-92C1-DD533C5EE11F}.Debug|x86.Build.0 = Debug|Win32
		{E9F26F46-7FBB-48E8-92C1-DD533C5EE11F}.Release|Any CPU.ActiveCfg = Release|Win32
		{E9F26F46-7FBB-48E8-92C1-DD533C5EE11F}.Release|x64.ActiveCfg = Release|x64
		{E9F26F46-7FBB-48E8-92C1-DD533C5EE11F}.Release|x64.Build.0 = Release|x64
		{E9F26F46-7FBB-48E8-92C1-DD533C5EE11F}.Release|x86.ActiveCfg = Release|Win32
		{E9F26F46-7FBB-48E8-92C1-DD533C5EE11F}.Release|x86.Build.0 = Release|Win32
		{73B16346-2567-47AB-8E5D-445A1AF304CE}.Debug|Any CPU.ActiveCfg = Debug|Win32
		{73B16346-2567-47AB-8E5D-445A1AF304CE}.Debug|x64.ActiveCfg = Debug|x64
		{73B16346-2567-47AB-8E5D-445A1AF304CE}.Debug|x64.Build.0 = Debug|x64
		{73B16346-2567-47AB-8E5D-445A1AF304CE}.Debug|x86.ActiveCfg = Debug|Win32
		{73B16346-2567-47AB-8E5D-445A1AF304CE}.Debug|x86.Build.0 = Debug|Win32
		{73B16346-2567-47AB-8E5D-445A1AF304CE}.Release|Any CPU.ActiveCfg = Release|Win32
		{73B16346-2567-47AB-8E5D-445A1AF304CE}.Release|x64.ActiveCfg = Release|x64
		{73B16346-2567-47AB-8E5D-445A1AF304CE}.Release|x64.Build.0 = Release|x64
		{73B16346-2567-47AB-8E5D-445A1AF304CE}.Release|x86.ActiveCfg = Release|Win32
		{73B16346-2567-47AB-8E5D-445A1AF304CE}.Release|x86.Build.0 = Release|Win32
		{66E027F4-66CE-4F1A-9E45-C2850AF1C97E}.Debug|Any CPU.ActiveCfg = Debug|Win32
		{66E027F4-66CE-4F1A-9E45-C2850AF1C97E}.Debug|x64.ActiveCfg = Debug|x64
		{66E027F4-66CE-4F1A-9E45-C2850AF1C97E}.Debug|x64.Build.0 = Debug|x64
		{66E027F4-66CE-4F1A-9E45-C2850AF1C97E}.Debug|x86.ActiveCfg = Debug|Win32
		{66E027F4-66CE-4F1A-9E45-C2850AF1C97E}.Debug|x86.Build.0 = Debug|Win32
		{66E027F4-66CE-4F1A-9E45-C2850AF1C97E}.Release|Any CPU.ActiveCfg = Release|Win32
		{66E027F4-66CE-4F1A-9E45-C2850AF1C97E}.Release|x64.ActiveCfg = Release|x64
		{66E027F4-66CE-4F1A-9E45-C2850AF1C97E}.Release|x64.Build.0 = Release|x64
		{66E027F4-66CE-4F1A-9E45-C2850AF1C97E}.Release|x86.ActiveCfg = Release|Win32
		{66E027F4-66CE-4F1A-9E45-C2850AF1C97E}.Release|x86.Build.0 = Release|Win32
		{9DCAA573-362E-4C57-A20D-E40BFE76EB39}.Debug|Any CPU.ActiveCfg = Debug|Win32
		{9DCAA573-362E-4C57-A20D-E40BFE76EB39}.Debug|x64.ActiveCfg = Debug|x64
		{9DCAA573-362E-4C57-A20D-E40BFE76EB39}.Debug|x64.Build.0 = Debug|x64
		{9DCAA573-362E-4C57-A20D-E40BFE76EB39}.Debug|x86.ActiveCfg = Debug|Win32
		{9DCAA573-362E-4C57-A20D-E40BFE76EB39}.Debug|x86.Build.0 = Debug|Win32
		{9DCAA573-362E-4C57-A20D-E40BFE76EB39}.Release|Any CPU.ActiveCfg = Release|Win32
		{9DCAA573-362E-4C57-A20D-E40BFE76EB39}.Release|x64.ActiveCfg = Release|x64
		{9DCAA573-362E-4C57-A20D-E40BFE76EB39}.Release|x64.Build.0 = Release|x64
		{9DCAA573-362E-4C57-A20D-E40BFE76EB39}.Release|x86.ActiveCfg = Release|Win32
		{9DCAA573-362E-4C57-A20D-E40BFE76EB39}.Release|x86.Build.0 = Release|Win32
		{6C30DD81-0757-4EE0-ADA5-A9E282B2FC30}.Debug|Any CPU.ActiveCfg = Debug|Win32
		{6C30DD81-0757-4EE0-ADA5-A9E282B2FC30}.Debug|x64.ActiveCfg = Debug|x64
		{6C30DD81-0757-4EE0-ADA5-A9E282B2FC30}.Debug|x64.Build.0 = Debug|x64
		{6C30DD81-0757-4EE0-ADA5-A9E282B2FC30}.Debug|x86.ActiveCfg = Debug|Win32
		{6C30DD81-0757-4EE0-ADA5-A9E282B2FC30}.Debug|x86.Build.0 = Debug|Win32
		{6C30DD81-0757-4EE0-ADA5-A9E282B2FC30}.Release|Any CPU.ActiveCfg = Release|Win32
		{6C30DD81-0757-4EE0-ADA5-A9E282B2FC30}.Release|x64.ActiveCfg = Release|x64
		{6C30DD81-0757-4EE0-ADA5-A9E282B2FC30}.Release|x64.Build.0 = Release|x64
		{6C30DD81-0757-4EE0-ADA5-A9E282B2FC30}.Release|x86.ActiveCfg = Release|Win32
		{6C30DD81-0757-4EE0-ADA5-A9E282B2FC30}.Release|x86.Build.0 = Release|Win32
	EndGlobalSection
	GlobalSection(SolutionProperties) = preSolution
		HideSolutionNode = FALSE
	EndGlobalSection
	GlobalSection(ExtensibilityGlobals) = postSolution
		SolutionGuid = {C6A246D5-1D2A-41A3-B0DB-99043FA6019E}
	EndGlobalSection
EndGlobal
